
Microsoft Visual Studio Solution File, Format Version 12.00
# Visual Studio Version 17
VisualStudioVersion = 17.11.35222.181
MinimumVisualStudioVersion = 10.0.40219.1
Project("{FAE04EC0-301F-11D3-BF4B-00C04F79EFBC}") = "Aguilar, Jasmine Miel", "Aguilar, Jasmine Miel\Aguilar, Jasmine Miel.csproj", "{530398B0-F962-4B91-8CFC-2E45F9721F34}"
EndProject
Global
	GlobalSection(SolutionConfigurationPlatforms) = preSolution
		Debug|Any CPU = Debug|Any CPU
		Release|Any CPU = Release|Any CPU
	EndGlobalSection
	GlobalSection(ProjectConfigurationPlatforms) = postSolution
		{530398B0-F962-4B91-8CFC-2E45F9721F34}.Debug|Any CPU.ActiveCfg = Debug|Any CPU
		{530398B0-F962-4B91-8CFC-2E45F9721F34}.Debug|Any CPU.Build.0 = Debug|Any CPU
		{530398B0-F962-4B91-8CFC-2E45F9721F34}.Release|Any CPU.ActiveCfg = Release|Any CPU
		{530398B0-F962-4B91-8CFC-2E45F9721F34}.Release|Any CPU.Build.0 = Release|Any CPU
	EndGlobalSection
	GlobalSection(SolutionProperties) = preSolution
		HideSolutionNode = FALSE
	EndGlobalSection
	GlobalSection(ExtensibilityGlobals) = postSolution
		SolutionGuid = {EE2DDA23-D255-4851-B64D-0B7036ECA87B}
	EndGlobalSection
EndGlobal
